github.com/tree-sitter-grammars/tree-sitter-kotlin v1.1.0 h1:SWIUDASa+WPhDDem1U5IJpYwQEezkqXrUI61OcnORzM=
github.com/tree-sitter-grammars/tree-sitter-kotlin v1.1.0/go.mod h1:eH+flFf3QOa9c9BY9g3Bz02F7zTq30kGIG3cgB0lSlI=
github.com/tree-sitter/go-tree-sitter v0.25.0/go.mod h1:r77ig7BikoZhHrrsjAnv8RqGti5rtSyvDHPzgTPsUuU=
github.com/tree-sitter/tree-sitter-java v0.23.5/go.mod h1:NRKlI8+EznxA7t1Yt3xtraPk1Wzqh3GAIC46wxvc320=
